
Microsoft Visual Studio Solution File, Format Version 12.00
# Visual Studio Version 16
VisualStudioVersion = 16.0.31729.503
MinimumVisualStudioVersion = 10.0.40219.1
Project("{9A19103F-16F7-4668-BE54-9A1E7A4F7556}") = "BookListWithRazor", "BookListWithRazor\BookListWithRazor.csproj", "{4AB27F27-3017-464F-A081-262B82FCA672}"
EndProject
Global
	GlobalSection(SolutionConfigurationPlatforms) = preSolution
		Debug|Any CPU = Debug|Any CPU
		Release|Any CPU = Release|Any CPU
	EndGlobalSection
	GlobalSection(ProjectConfigurationPlatforms) = postSolution
		{4AB27F27-3017-464F-A081-262B82FCA672}.Debug|Any CPU.ActiveCfg = Debug|Any CPU
		{4AB27F27-3017-464F-A081-262B82FCA672}.Debug|Any CPU.Build.0 = Debug|Any CPU
		{4AB27F27-3017-464F-A081-262B82FCA672}.Release|Any CPU.ActiveCfg = Release|Any CPU
		{4AB27F27-3017-464F-A081-262B82FCA672}.Release|Any CPU.Build.0 = Release|Any CPU
	EndGlobalSection
	GlobalSection(SolutionProperties) = preSolution
		HideSolutionNode = FALSE
	EndGlobalSection
	GlobalSection(ExtensibilityGlobals) = postSolution
		SolutionGuid = {3109D3C8-3C96-460E-9E7A-32DC141FBE5F}
	EndGlobalSection
EndGlobal
